Microsoft Visual Studio Solution File, Format Version 11.00
# Visual Studio 2008

Project("{63C1E8D5-9CD5-37DF-F489-97179508C5A2}") = "AnimalProjectMobile", "Assembly-CSharp.csproj", "{F18AF7C3-313F-89C7-E3DA-039E7DB166BB}"
EndProject
Project("{63C1E8D5-9CD5-37DF-F489-97179508C5A2}") = "AnimalProjectMobile", "Assembly-CSharp-Editor.csproj", "{2D313728-92A1-5342-D04E-27372B7BE7ED}"
EndProject
Project("{63C1E8D5-9CD5-37DF-F489-97179508C5A2}") = "AnimalProjectMobile", "Assembly-UnityScript-Editor-firstpass.unityproj", "{01518023-41A6-C552-1ABB-4F631C3A11A6}"
EndProject
Global
	GlobalSection(SolutionConfigurationPlatforms) = preSolution
		Debug|Any CPU = Debug|Any CPU
		Release|Any CPU = Release|Any CPU
	EndGlobalSection
	GlobalSection(ProjectConfigurationPlatforms) = postSolution
		{F18AF7C3-313F-89C7-E3DA-039E7DB166BB}.Debug|Any CPU.ActiveCfg = Debug|Any CPU
		{F18AF7C3-313F-89C7-E3DA-039E7DB166BB}.Debug|Any CPU.Build.0 = Debug|Any CPU
		{F18AF7C3-313F-89C7-E3DA-039E7DB166BB}.Release|Any CPU.ActiveCfg = Release|Any CPU
		{F18AF7C3-313F-89C7-E3DA-039E7DB166BB}.Release|Any CPU.Build.0 = Release|Any CPU
		{2D313728-92A1-5342-D04E-27372B7BE7ED}.Debug|Any CPU.ActiveCfg = Debug|Any CPU
		{2D313728-92A1-5342-D04E-27372B7BE7ED}.Debug|Any CPU.Build.0 = Debug|Any CPU
		{2D313728-92A1-5342-D04E-27372B7BE7ED}.Release|Any CPU.ActiveCfg = Release|Any CPU
		{2D313728-92A1-5342-D04E-27372B7BE7ED}.Release|Any CPU.Build.0 = Release|Any CPU
		{01518023-41A6-C552-1ABB-4F631C3A11A6}.Debug|Any CPU.ActiveCfg = Debug|Any CPU
		{01518023-41A6-C552-1ABB-4F631C3A11A6}.Debug|Any CPU.Build.0 = Debug|Any CPU
		{01518023-41A6-C552-1ABB-4F631C3A11A6}.Release|Any CPU.ActiveCfg = Release|Any CPU
		{01518023-41A6-C552-1ABB-4F631C3A11A6}.Release|Any CPU.Build.0 = Release|Any CPU
	EndGlobalSection
	GlobalSection(SolutionProperties) = preSolution
		HideSolutionNode = FALSE
	EndGlobalSection
																												GlobalSection(MonoDevelopProperties) = preSolution
		StartupItem = Assembly-CSharp.csproj
		Policies = $0
		$0.TextStylePolicy = $1
		$1.inheritsSet = null
		$1.scope = text/x-csharp
		$0.CSharpFormattingPolicy = $2
		$2.inheritsSet = Mono
		$2.inheritsScope = text/x-csharp
		$2.scope = text/x-csharp
		$0.TextStylePolicy = $3
		$3.FileWidth = 120
		$3.TabWidth = 4
		$3.IndentWidth = 4
		$3.EolMarker = Unix
		$3.inheritsSet = Mono
		$3.inheritsScope = text/plain
		$3.scope = text/plain
	EndGlobalSection

EndGlobal
